// !$*UTF8*$!
{
	archiveVersion = 1;
	classes = {
	};
	objectVersion = 48;
	objects = {

/* Begin PBXBuildFile section */
		6514642C259436BE00BFDA9A /* MTPopAction.m in Sources */ = {isa = PBXBuildFile; fileRef = 6514642B259436BE00BFDA9A /* MTPopAction.m */; };
		6514643125943C4A00BFDA9A /* MTNotePopView.xib in Resources */ = {isa = PBXBuildFile; fileRef = 6514643025943C4A00BFDA9A /* MTNotePopView.xib */; };
		6514643A2594413000BFDA9A /* UIView+CurrentVC.m in Sources */ = {isa = PBXBuildFile; fileRef = 651464392594413000BFDA9A /* UIView+CurrentVC.m */; };
		651960A22589A03800AB2E77 /* BaseViewController.m in Sources */ = {isa = PBXBuildFile; fileRef = 651960A12589A03800AB2E77 /* BaseViewController.m */; };
		651960A82589A08100AB2E77 /* FuckViewController.m in Sources */ = {isa = PBXBuildFile; fileRef = 651960A72589A08100AB2E77 /* FuckViewController.m */; };
		651ADCE725A6B83000469FBE /* NSArray+ErrorHandle.m in Sources */ = {isa = PBXBuildFile; fileRef = 651ADCE625A6B83000469FBE /* NSArray+ErrorHandle.m */; };
		651ADCED25A6B89600469FBE /* NSObject+SwizzleMethod.m in Sources */ = {isa = PBXBuildFile; fileRef = 651ADCEC25A6B89600469FBE /* NSObject+SwizzleMethod.m */; };
		651ADCF325A6B8F700469FBE /* NSMutableArray+ErrorHandle.m in Sources */ = {isa = PBXBuildFile; fileRef = 651ADCF225A6B8F700469FBE /* NSMutableArray+ErrorHandle.m */; };
		6565E59F258897BF00B73C6E /* AppDelegate.m in Sources */ = {isa = PBXBuildFile; fileRef = 6565E59E258897BF00B73C6E /* AppDelegate.m */; };
		6565E5A2258897BF00B73C6E /* SceneDelegate.m in Sources */ = {isa = PBXBuildFile; fileRef = 6565E5A1258897BF00B73C6E /* SceneDelegate.m */; };
		6565E5A5258897BF00B73C6E /* ViewController.m in Sources */ = {isa = PBXBuildFile; fileRef = 6565E5A4258897BF00B73C6E /* ViewController.m */; };
		6565E5A8258897BF00B73C6E /* Main.storyboard in Resources */ = {isa = PBXBuildFile; fileRef = 6565E5A6258897BF00B73C6E /* Main.storyboard */; };
		6565E5AA258897C200B73C6E /* Assets.xcassets in Resources */ = {isa = PBXBuildFile; fileRef = 6565E5A9258897C200B73C6E /* Assets.xcassets */; };
		6565E5AD258897C200B73C6E /* LaunchScreen.storyboard in Resources */ = {isa = PBXBuildFile; fileRef = 6565E5AB258897C200B73C6E /* LaunchScreen.storyboard */; };
		6565E5B0258897C200B73C6E /* main.m in Sources */ = {isa = PBXBuildFile; fileRef = 6565E5AF258897C200B73C6E /* main.m */; };
		6565E5BA258897C200B73C6E /* iOSDevLibraryTests.m in Sources */ = {isa = PBXBuildFile; fileRef = 6565E5B9258897C200B73C6E /* iOSDevLibraryTests.m */; };
		6565E5C5258897C300B73C6E /* iOSDevLibraryUITests.m in Sources */ = {isa = PBXBuildFile; fileRef = 6565E5C4258897C300B73C6E /* iOSDevLibraryUITests.m */; };
		6565E5D92588981000B73C6E /* UIView+HitArea.m in Sources */ = {isa = PBXBuildFile; fileRef = 6565E5D72588981000B73C6E /* UIView+HitArea.m */; };
		6565E5DF2588981700B73C6E /* UIView+MTGradient.m in Sources */ = {isa = PBXBuildFile; fileRef = 6565E5DE2588981700B73C6E /* UIView+MTGradient.m */; };
		6565E5E52588981E00B73C6E /* MTAttributeTapLabel.m in Sources */ = {isa = PBXBuildFile; fileRef = 6565E5E42588981E00B73C6E /* MTAttributeTapLabel.m */; };
		6565E5EB2588982300B73C6E /* MTCheckBoxBtn.m in Sources */ = {isa = PBXBuildFile; fileRef = 6565E5E92588982300B73C6E /* MTCheckBoxBtn.m */; };
		6565E5F12588982A00B73C6E /* UIButton+MTEnlargeTouchArea.m in Sources */ = {isa = PBXBuildFile; fileRef = 6565E5EF2588982A00B73C6E /* UIButton+MTEnlargeTouchArea.m */; };
		6565E5FA2588988F00B73C6E /* UIColor+MTColor.m in Sources */ = {isa = PBXBuildFile; fileRef = 6565E5F92588988F00B73C6E /* UIColor+MTColor.m */; };
		6565E60025889BE300B73C6E /* UITableView+CellAnimation.m in Sources */ = {isa = PBXBuildFile; fileRef = 6565E5FF25889BE300B73C6E /* UITableView+CellAnimation.m */; };
		6565E60625889D4D00B73C6E /* MTTableViewCell.m in Sources */ = {isa = PBXBuildFile; fileRef = 6565E60525889D4D00B73C6E /* MTTableViewCell.m */; };
		6565E60B25889DEF00B73C6E /* 1.jpg in Resources */ = {isa = PBXBuildFile; fileRef = 6565E60A25889DEF00B73C6E /* 1.jpg */; };
		6565E6112588A30200B73C6E /* CheckBoxViewController.m in Sources */ = {isa = PBXBuildFile; fileRef = 6565E6102588A30200B73C6E /* CheckBoxViewController.m */; };
		6565E6172588A4A200B73C6E /* MTLoadingView.m in Sources */ = {isa = PBXBuildFile; fileRef = 6565E6162588A4A200B73C6E /* MTLoadingView.m */; };
		65A3FEF12591EA1100CD877B /* MTBasePopView.m in Sources */ = {isa = PBXBuildFile; fileRef = 65A3FEF02591EA1100CD877B /* MTBasePopView.m */; };
		65A3FEFA2591EA3400CD877B /* MTNotePopView.m in Sources */ = {isa = PBXBuildFile; fileRef = 65A3FEF92591EA3400CD877B /* MTNotePopView.m */; };
		65C0DAB925A6F55D00FE6908 /* ScrollviewTestView.xib in Resources */ = {isa = PBXBuildFile; fileRef = 65C0DAB825A6F55D00FE6908 /* ScrollviewTestView.xib */; };
		65FA0BB925A6E6B700587187 /* MTChartView.m in Sources */ = {isa = PBXBuildFile; fileRef = 65FA0BB825A6E6B700587187 /* MTChartView.m */; };
		65FA0BC125A6E6D700587187 /* MTChartView.xib in Resources */ = {isa = PBXBuildFile; fileRef = 65FA0BC025A6E6D700587187 /* MTChartView.xib */; };
		65FA0BC725A6E6FE00587187 /* MTChartBarView.m in Sources */ = {isa = PBXBuildFile; fileRef = 65FA0BC625A6E6FE00587187 /* MTChartBarView.m */; };
		65FA0BCD25A6E71300587187 /* MTChartPieView.m in Sources */ = {isa = PBXBuildFile; fileRef = 65FA0BCC25A6E71300587187 /* MTChartPieView.m */; };
		65FA0BD225A6E72A00587187 /* MTChartBarView.xib in Resources */ = {isa = PBXBuildFile; fileRef = 65FA0BD125A6E72A00587187 /* MTChartBarView.xib */; };
/* End PBXBuildFile section */

/* Begin PBXContainerItemProxy section */
		6565E5B6258897C200B73C6E /* PBXContainerItemProxy */ = {
			isa = PBXContainerItemProxy;
			containerPortal = 6565E592258897BE00B73C6E /* Project object */;
			proxyType = 1;
			remoteGlobalIDString = 6565E599258897BE00B73C6E;
			remoteInfo = iOSDevLibrary;
		};
		6565E5C1258897C300B73C6E /* PBXContainerItemProxy */ = {
			isa = PBXContainerItemProxy;
			containerPortal = 6565E592258897BE00B73C6E /* Project object */;
			proxyType = 1;
			remoteGlobalIDString = 6565E599258897BE00B73C6E;
			remoteInfo = iOSDevLibrary;
		};
/* End PBXContainerItemProxy section */

/* Begin PBXFileReference section */
		6514642A259436BE00BFDA9A /* MTPopAction.h */ = {isa = PBXFileReference; lastKnownFileType = sourcecode.c.h; path = MTPopAction.h; sourceTree = "<group>"; };
		6514642B259436BE00BFDA9A /* MTPopAction.m */ = {isa = PBXFileReference; lastKnownFileType = sourcecode.c.objc; path = MTPopAction.m; sourceTree = "<group>"; };
		6514643025943C4A00BFDA9A /* MTNotePopView.xib */ = {isa = PBXFileReference; lastKnownFileType = file.xib; path = MTNotePopView.xib; sourceTree = "<group>"; };
		651464382594413000BFDA9A /* UIView+CurrentVC.h */ = {isa = PBXFileReference; fileEncoding = 4; lastKnownFileType = sourcecode.c.h; path = "UIView+CurrentVC.h"; sourceTree = "<group>"; };
		651464392594413000BFDA9A /* UIView+CurrentVC.m */ = {isa = PBXFileReference; fileEncoding = 4; lastKnownFileType = sourcecode.c.objc; path = "UIView+CurrentVC.m"; sourceTree = "<group>"; };
		651960A02589A03800AB2E77 /* BaseViewController.h */ = {isa = PBXFileReference; lastKnownFileType = sourcecode.c.h; path = BaseViewController.h; sourceTree = "<group>"; };
		651960A12589A03800AB2E77 /* BaseViewController.m */ = {isa = PBXFileReference; lastKnownFileType = sourcecode.c.objc; path = BaseViewController.m; sourceTree = "<group>"; };
		651960A62589A08100AB2E77 /* FuckViewController.h */ = {isa = PBXFileReference; lastKnownFileType = sourcecode.c.h; path = FuckViewController.h; sourceTree = "<group>"; };
		651960A72589A08100AB2E77 /* FuckViewController.m */ = {isa = PBXFileReference; lastKnownFileType = sourcecode.c.objc; path = FuckViewController.m; sourceTree = "<group>"; };
		651ADCE525A6B83000469FBE /* NSArray+ErrorHandle.h */ = {isa = PBXFileReference; lastKnownFileType = sourcecode.c.h; path = "NSArray+ErrorHandle.h"; sourceTree = "<group>"; };
		651ADCE625A6B83000469FBE /* NSArray+ErrorHandle.m */ = {isa = PBXFileReference; lastKnownFileType = sourcecode.c.objc; path = "NSArray+ErrorHandle.m"; sourceTree = "<group>"; };
		651ADCEB25A6B89600469FBE /* NSObject+SwizzleMethod.h */ = {isa = PBXFileReference; lastKnownFileType = sourcecode.c.h; path = "NSObject+SwizzleMethod.h"; sourceTree = "<group>"; };
		651ADCEC25A6B89600469FBE /* NSObject+SwizzleMethod.m */ = {isa = PBXFileReference; lastKnownFileType = sourcecode.c.objc; path = "NSObject+SwizzleMethod.m"; sourceTree = "<group>"; };
		651ADCF125A6B8F700469FBE /* NSMutableArray+ErrorHandle.h */ = {isa = PBXFileReference; lastKnownFileType = sourcecode.c.h; path = "NSMutableArray+ErrorHandle.h"; sourceTree = "<group>"; };
		651ADCF225A6B8F700469FBE /* NSMutableArray+ErrorHandle.m */ = {isa = PBXFileReference; lastKnownFileType = sourcecode.c.objc; path = "NSMutableArray+ErrorHandle.m"; sourceTree = "<group>"; };
		6565E59A258897BE00B73C6E /* iOSDevLibrary.app */ = {isa = PBXFileReference; explicitFileType = wrapper.application; includeInIndex = 0; path = iOSDevLibrary.app; sourceTree = BUILT_PRODUCTS_DIR; };
		6565E59D258897BF00B73C6E /* AppDelegate.h */ = {isa = PBXFileReference; lastKnownFileType = sourcecode.c.h; path = AppDelegate.h; sourceTree = "<group>"; };
		6565E59E258897BF00B73C6E /* AppDelegate.m */ = {isa = PBXFileReference; lastKnownFileType = sourcecode.c.objc; path = AppDelegate.m; sourceTree = "<group>"; };
		6565E5A0258897BF00B73C6E /* SceneDelegate.h */ = {isa = PBXFileReference; lastKnownFileType = sourcecode.c.h; path = SceneDelegate.h; sourceTree = "<group>"; };
		6565E5A1258897BF00B73C6E /* SceneDelegate.m */ = {isa = PBXFileReference; lastKnownFileType = sourcecode.c.objc; path = SceneDelegate.m; sourceTree = "<group>"; };
		6565E5A3258897BF00B73C6E /* ViewController.h */ = {isa = PBXFileReference; lastKnownFileType = sourcecode.c.h; path = ViewController.h; sourceTree = "<group>"; };
		6565E5A4258897BF00B73C6E /* ViewController.m */ = {isa = PBXFileReference; lastKnownFileType = sourcecode.c.objc; path = ViewController.m; sourceTree = "<group>"; };
		6565E5A7258897BF00B73C6E /* Base */ = {isa = PBXFileReference; lastKnownFileType = file.storyboard; name = Base; path = Base.lproj/Main.storyboard; sourceTree = "<group>"; };
		6565E5A9258897C200B73C6E /* Assets.xcassets */ = {isa = PBXFileReference; lastKnownFileType = folder.assetcatalog; path = Assets.xcassets; sourceTree = "<group>"; };
		6565E5AC258897C200B73C6E /* Base */ = {isa = PBXFileReference; lastKnownFileType = file.storyboard; name = Base; path = Base.lproj/LaunchScreen.storyboard; sourceTree = "<group>"; };
		6565E5AE258897C200B73C6E /* Info.plist */ = {isa = PBXFileReference; lastKnownFileType = text.plist.xml; path = Info.plist; sourceTree = "<group>"; };
		6565E5AF258897C200B73C6E /* main.m */ = {isa = PBXFileReference; lastKnownFileType = sourcecode.c.objc; path = main.m; sourceTree = "<group>"; };
		6565E5B5258897C200B73C6E /* iOSDevLibraryTests.xctest */ = {isa = PBXFileReference; explicitFileType = wrapper.cfbundle; includeInIndex = 0; path = iOSDevLibraryTests.xctest; sourceTree = BUILT_PRODUCTS_DIR; };
		6565E5B9258897C200B73C6E /* iOSDevLibraryTests.m */ = {isa = PBXFileReference; lastKnownFileType = sourcecode.c.objc; path = iOSDevLibraryTests.m; sourceTree = "<group>"; };
		6565E5BB258897C300B73C6E /* Info.plist */ = {isa = PBXFileReference; lastKnownFileType = text.plist.xml; path = Info.plist; sourceTree = "<group>"; };
		6565E5C0258897C300B73C6E /* iOSDevLibraryUITests.xctest */ = {isa = PBXFileReference; explicitFileType = wrapper.cfbundle; includeInIndex = 0; path = iOSDevLibraryUITests.xctest; sourceTree = BUILT_PRODUCTS_DIR; };
		6565E5C4258897C300B73C6E /* iOSDevLibraryUITests.m */ = {isa = PBXFileReference; lastKnownFileType = sourcecode.c.objc; path = iOSDevLibraryUITests.m; sourceTree = "<group>"; };
		6565E5C6258897C300B73C6E /* Info.plist */ = {isa = PBXFileReference; lastKnownFileType = text.plist.xml; path = Info.plist; sourceTree = "<group>"; };
		6565E5D72588981000B73C6E /* UIView+HitArea.m */ = {isa = PBXFileReference; fileEncoding = 4; lastKnownFileType = sourcecode.c.objc; path = "UIView+HitArea.m"; sourceTree = "<group>"; };
		6565E5D82588981000B73C6E /* UIView+HitArea.h */ = {isa = PBXFileReference; fileEncoding = 4; lastKnownFileType = sourcecode.c.h; path = "UIView+HitArea.h"; sourceTree = "<group>"; };
		6565E5DD2588981700B73C6E /* UIView+MTGradient.h */ = {isa = PBXFileReference; fileEncoding = 4; lastKnownFileType = sourcecode.c.h; path = "UIView+MTGradient.h"; sourceTree = "<group>"; };
		6565E5DE2588981700B73C6E /* UIView+MTGradient.m */ = {isa = PBXFileReference; fileEncoding = 4; lastKnownFileType = sourcecode.c.objc; path = "UIView+MTGradient.m"; sourceTree = "<group>"; };
		6565E5E32588981E00B73C6E /* MTAttributeTapLabel.h */ = {isa = PBXFileReference; fileEncoding = 4; lastKnownFileType = sourcecode.c.h; path = MTAttributeTapLabel.h; sourceTree = "<group>"; };
		6565E5E42588981E00B73C6E /* MTAttributeTapLabel.m */ = {isa = PBXFileReference; fileEncoding = 4; lastKnownFileType = sourcecode.c.objc; path = MTAttributeTapLabel.m; sourceTree = "<group>"; };
		6565E5E92588982300B73C6E /* MTCheckBoxBtn.m */ = {isa = PBXFileReference; fileEncoding = 4; lastKnownFileType = sourcecode.c.objc; path = MTCheckBoxBtn.m; sourceTree = "<group>"; };
		6565E5EA2588982300B73C6E /* MTCheckBoxBtn.h */ = {isa = PBXFileReference; fileEncoding = 4; lastKnownFileType = sourcecode.c.h; path = MTCheckBoxBtn.h; sourceTree = "<group>"; };
		6565E5EF2588982A00B73C6E /* UIButton+MTEnlargeTouchArea.m */ = {isa = PBXFileReference; fileEncoding = 4; lastKnownFileType = sourcecode.c.objc; path = "UIButton+MTEnlargeTouchArea.m"; sourceTree = "<group>"; };
		6565E5F02588982A00B73C6E /* UIButton+MTEnlargeTouchArea.h */ = {isa = PBXFileReference; fileEncoding = 4; lastKnownFileType = sourcecode.c.h; path = "UIButton+MTEnlargeTouchArea.h"; sourceTree = "<group>"; };
		6565E5F82588988F00B73C6E /* UIColor+MTColor.h */ = {isa = PBXFileReference; lastKnownFileType = sourcecode.c.h; path = "UIColor+MTColor.h"; sourceTree = "<group>"; };
		6565E5F92588988F00B73C6E /* UIColor+MTColor.m */ = {isa = PBXFileReference; lastKnownFileType = sourcecode.c.objc; path = "UIColor+MTColor.m"; sourceTree = "<group>"; };
		6565E5FE25889BE300B73C6E /* UITableView+CellAnimation.h */ = {isa = PBXFileReference; lastKnownFileType = sourcecode.c.h; path = "UITableView+CellAnimation.h"; sourceTree = "<group>"; };
		6565E5FF25889BE300B73C6E /* UITableView+CellAnimation.m */ = {isa = PBXFileReference; lastKnownFileType = sourcecode.c.objc; path = "UITableView+CellAnimation.m"; sourceTree = "<group>"; };
		6565E60425889D4D00B73C6E /* MTTableViewCell.h */ = {isa = PBXFileReference; lastKnownFileType = sourcecode.c.h; path = MTTableViewCell.h; sourceTree = "<group>"; };
		6565E60525889D4D00B73C6E /* MTTableViewCell.m */ = {isa = PBXFileReference; lastKnownFileType = sourcecode.c.objc; path = MTTableViewCell.m; sourceTree = "<group>"; };
		6565E60A25889DEF00B73C6E /* 1.jpg */ = {isa = PBXFileReference; lastKnownFileType = image.jpeg; path = 1.jpg; sourceTree = "<group>"; };
		6565E60F2588A30200B73C6E /* CheckBoxViewController.h */ = {isa = PBXFileReference; lastKnownFileType = sourcecode.c.h; path = CheckBoxViewController.h; sourceTree = "<group>"; };
		6565E6102588A30200B73C6E /* CheckBoxViewController.m */ = {isa = PBXFileReference; lastKnownFileType = sourcecode.c.objc; path = CheckBoxViewController.m; sourceTree = "<group>"; };
		6565E6152588A4A200B73C6E /* MTLoadingView.h */ = {isa = PBXFileReference; lastKnownFileType = sourcecode.c.h; path = MTLoadingView.h; sourceTree = "<group>"; };
		6565E6162588A4A200B73C6E /* MTLoadingView.m */ = {isa = PBXFileReference; lastKnownFileType = sourcecode.c.objc; path = MTLoadingView.m; sourceTree = "<group>"; };
		65A3FEEF2591EA1100CD877B /* MTBasePopView.h */ = {isa = PBXFileReference; lastKnownFileType = sourcecode.c.h; path = MTBasePopView.h; sourceTree = "<group>"; };
		65A3FEF02591EA1100CD877B /* MTBasePopView.m */ = {isa = PBXFileReference; lastKnownFileType = sourcecode.c.objc; path = MTBasePopView.m; sourceTree = "<group>"; };
		65A3FEF82591EA3400CD877B /* MTNotePopView.h */ = {isa = PBXFileReference; lastKnownFileType = sourcecode.c.h; path = MTNotePopView.h; sourceTree = "<group>"; };
		65A3FEF92591EA3400CD877B /* MTNotePopView.m */ = {isa = PBXFileReference; lastKnownFileType = sourcecode.c.objc; path = MTNotePopView.m; sourceTree = "<group>"; };
		65C0DAB825A6F55D00FE6908 /* ScrollviewTestView.xib */ = {isa = PBXFileReference; lastKnownFileType = file.xib; path = ScrollviewTestView.xib; sourceTree = "<group>"; };
		65FA0BB725A6E6B700587187 /* MTChartView.h */ = {isa = PBXFileReference; lastKnownFileType = sourcecode.c.h; path = MTChartView.h; sourceTree = "<group>"; };
		65FA0BB825A6E6B700587187 /* MTChartView.m */ = {isa = PBXFileReference; lastKnownFileType = sourcecode.c.objc; path = MTChartView.m; sourceTree = "<group>"; };
		65FA0BC025A6E6D700587187 /* MTChartView.xib */ = {isa = PBXFileReference; lastKnownFileType = file.xib; path = MTChartView.xib; sourceTree = "<group>"; };
		65FA0BC525A6E6FE00587187 /* MTChartBarView.h */ = {isa = PBXFileReference; lastKnownFileType = sourcecode.c.h; path = MTChartBarView.h; sourceTree = "<group>"; };
		65FA0BC625A6E6FE00587187 /* MTChartBarView.m */ = {isa = PBXFileReference; lastKnownFileType = sourcecode.c.objc; path = MTChartBarView.m; sourceTree = "<group>"; };
		65FA0BCB25A6E71300587187 /* MTChartPieView.h */ = {isa = PBXFileReference; lastKnownFileType = sourcecode.c.h; path = MTChartPieView.h; sourceTree = "<group>"; };
		65FA0BCC25A6E71300587187 /* MTChartPieView.m */ = {isa = PBXFileReference; lastKnownFileType = sourcecode.c.objc; path = MTChartPieView.m; sourceTree = "<group>"; };
		65FA0BD125A6E72A00587187 /* MTChartBarView.xib */ = {isa = PBXFileReference; lastKnownFileType = file.xib; path = MTChartBarView.xib; sourceTree = "<group>"; };
/* End PBXFileReference section */

/* Begin PBXFrameworksBuildPhase section */
		6565E597258897BE00B73C6E /* Frameworks */ = {
			isa = PBXFrameworksBuildPhase;
			buildActionMask = 2147483647;
			files = (
			);
			runOnlyForDeploymentPostprocessing = 0;
		};
		6565E5B2258897C200B73C6E /* Frameworks */ = {
			isa = PBXFrameworksBuildPhase;
			buildActionMask = 2147483647;
			files = (
			);
			runOnlyForDeploymentPostprocessing = 0;
		};
		6565E5BD258897C300B73C6E /* Frameworks */ = {
			isa = PBXFrameworksBuildPhase;
			buildActionMask = 2147483647;
			files = (
			);
			runOnlyForDeploymentPostprocessing = 0;
		};
/* End PBXFrameworksBuildPhase section */

/* Begin PBXGroup section */
		651ADCE425A6B81100469FBE /* 数组越界 */ = {
			isa = PBXGroup;
			children = (
				651ADCE525A6B83000469FBE /* NSArray+ErrorHandle.h */,
				651ADCE625A6B83000469FBE /* NSArray+ErrorHandle.m */,
				651ADCEB25A6B89600469FBE /* NSObject+SwizzleMethod.h */,
				651ADCEC25A6B89600469FBE /* NSObject+SwizzleMethod.m */,
				651ADCF125A6B8F700469FBE /* NSMutableArray+ErrorHandle.h */,
				651ADCF225A6B8F700469FBE /* NSMutableArray+ErrorHandle.m */,
			);
			path = "数组越界";
			sourceTree = "<group>";
		};
		6565E591258897BE00B73C6E = {
			isa = PBXGroup;
			children = (
				6565E59C258897BE00B73C6E /* iOSDevLibrary */,
				6565E5B8258897C200B73C6E /* iOSDevLibraryTests */,
				6565E5C3258897C300B73C6E /* iOSDevLibraryUITests */,
				6565E59B258897BE00B73C6E /* Products */,
			);
			sourceTree = "<group>";
		};
		6565E59B258897BE00B73C6E /* Products */ = {
			isa = PBXGroup;
			children = (
				6565E59A258897BE00B73C6E /* iOSDevLibrary.app */,
				6565E5B5258897C200B73C6E /* iOSDevLibraryTests.xctest */,
				6565E5C0258897C300B73C6E /* iOSDevLibraryUITests.xctest */,
			);
			name = Products;
			sourceTree = "<group>";
		};
		6565E59C258897BE00B73C6E /* iOSDevLibrary */ = {
			isa = PBXGroup;
			children = (
				65C0DAB725A6F54700FE6908 /* XibScrolllview */,
				65FA0BB625A6E6A200587187 /* 图表Chart */,
				651ADCE425A6B81100469FBE /* 数组越界 */,
				65A3FF002591ED0100CD877B /* WaterFlow */,
				65A3FEFF2591EAE700CD877B /* DataPersistence */,
				65A3FEFE2591EA9C00CD877B /* EmptyView */,
				65A3FEE52591E9D300CD877B /* PopView */,
				6565E5D62588980100B73C6E /* UsefulWidget */,
				6565E5D5258897D700B73C6E /* Categories */,
				6565E59D258897BF00B73C6E /* AppDelegate.h */,
				6565E59E258897BF00B73C6E /* AppDelegate.m */,
				6565E5A0258897BF00B73C6E /* SceneDelegate.h */,
				6565E5A1258897BF00B73C6E /* SceneDelegate.m */,
				6565E5A3258897BF00B73C6E /* ViewController.h */,
				6565E5A4258897BF00B73C6E /* ViewController.m */,
				6565E60A25889DEF00B73C6E /* 1.jpg */,
				6565E5A6258897BF00B73C6E /* Main.storyboard */,
				6565E5A9258897C200B73C6E /* Assets.xcassets */,
				6565E5AB258897C200B73C6E /* LaunchScreen.storyboard */,
				6565E5AE258897C200B73C6E /* Info.plist */,
				6565E5AF258897C200B73C6E /* main.m */,
				6565E60425889D4D00B73C6E /* MTTableViewCell.h */,
				6565E60525889D4D00B73C6E /* MTTableViewCell.m */,
				6565E60F2588A30200B73C6E /* CheckBoxViewController.h */,
				6565E6102588A30200B73C6E /* CheckBoxViewController.m */,
				651960A02589A03800AB2E77 /* BaseViewController.h */,
				651960A12589A03800AB2E77 /* BaseViewController.m */,
				651960A62589A08100AB2E77 /* FuckViewController.h */,
				651960A72589A08100AB2E77 /* FuckViewController.m */,
			);
			path = iOSDevLibrary;
			sourceTree = "<group>";
		};
		6565E5B8258897C200B73C6E /* iOSDevLibraryTests */ = {
			isa = PBXGroup;
			children = (
				6565E5B9258897C200B73C6E /* iOSDevLibraryTests.m */,
				6565E5BB258897C300B73C6E /* Info.plist */,
			);
			path = iOSDevLibraryTests;
			sourceTree = "<group>";
		};
		6565E5C3258897C300B73C6E /* iOSDevLibraryUITests */ = {
			isa = PBXGroup;
			children = (
				6565E5C4258897C300B73C6E /* iOSDevLibraryUITests.m */,
				6565E5C6258897C300B73C6E /* Info.plist */,
			);
			path = iOSDevLibraryUITests;
			sourceTree = "<group>";
		};
		6565E5D5258897D700B73C6E /* Categories */ = {
			isa = PBXGroup;
			children = (
				6565E5F02588982A00B73C6E /* UIButton+MTEnlargeTouchArea.h */,
				6565E5EF2588982A00B73C6E /* UIButton+MTEnlargeTouchArea.m */,
				6565E5DD2588981700B73C6E /* UIView+MTGradient.h */,
				6565E5DE2588981700B73C6E /* UIView+MTGradient.m */,
				6565E5D82588981000B73C6E /* UIView+HitArea.h */,
				6565E5D72588981000B73C6E /* UIView+HitArea.m */,
				6565E5F82588988F00B73C6E /* UIColor+MTColor.h */,
				6565E5F92588988F00B73C6E /* UIColor+MTColor.m */,
				6565E5FE25889BE300B73C6E /* UITableView+CellAnimation.h */,
				6565E5FF25889BE300B73C6E /* UITableView+CellAnimation.m */,
			);
			path = Categories;
			sourceTree = "<group>";
		};
		6565E5D62588980100B73C6E /* UsefulWidget */ = {
			isa = PBXGroup;
			children = (
				6565E5EA2588982300B73C6E /* MTCheckBoxBtn.h */,
				6565E5E92588982300B73C6E /* MTCheckBoxBtn.m */,
				6565E5E32588981E00B73C6E /* MTAttributeTapLabel.h */,
				6565E5E42588981E00B73C6E /* MTAttributeTapLabel.m */,
				6565E6152588A4A200B73C6E /* MTLoadingView.h */,
				6565E6162588A4A200B73C6E /* MTLoadingView.m */,
			);
			path = UsefulWidget;
			sourceTree = "<group>";
		};
		65A3FEE52591E9D300CD877B /* PopView */ = {
			isa = PBXGroup;
			children = (
				651464382594413000BFDA9A /* UIView+CurrentVC.h */,
				651464392594413000BFDA9A /* UIView+CurrentVC.m */,
				65A3FEEF2591EA1100CD877B /* MTBasePopView.h */,
				65A3FEF02591EA1100CD877B /* MTBasePopView.m */,
				65A3FEF82591EA3400CD877B /* MTNotePopView.h */,
				65A3FEF92591EA3400CD877B /* MTNotePopView.m */,
				6514643025943C4A00BFDA9A /* MTNotePopView.xib */,
				6514642A259436BE00BFDA9A /* MTPopAction.h */,
				6514642B259436BE00BFDA9A /* MTPopAction.m */,
			);
			path = PopView;
			sourceTree = "<group>";
		};
		65A3FEFE2591EA9C00CD877B /* EmptyView */ = {
			isa = PBXGroup;
			children = (
			);
			path = EmptyView;
			sourceTree = "<group>";
		};
		65A3FEFF2591EAE700CD877B /* DataPersistence */ = {
			isa = PBXGroup;
			children = (
			);
			path = DataPersistence;
			sourceTree = "<group>";
		};
		65A3FF002591ED0100CD877B /* WaterFlow */ = {
			isa = PBXGroup;
			children = (
			);
			path = WaterFlow;
			sourceTree = "<group>";
		};
		65C0DAB725A6F54700FE6908 /* XibScrolllview */ = {
			isa = PBXGroup;
			children = (
				65C0DAB825A6F55D00FE6908 /* ScrollviewTestView.xib */,
			);
			path = XibScrolllview;
			sourceTree = "<group>";
		};
		65FA0BB625A6E6A200587187 /* 图表Chart */ = {
			isa = PBXGroup;
			children = (
				65FA0BB725A6E6B700587187 /* MTChartView.h */,
				65FA0BB825A6E6B700587187 /* MTChartView.m */,
				65FA0BC025A6E6D700587187 /* MTChartView.xib */,
				65FA0BC525A6E6FE00587187 /* MTChartBarView.h */,
				65FA0BC625A6E6FE00587187 /* MTChartBarView.m */,
				65FA0BD125A6E72A00587187 /* MTChartBarView.xib */,
				65FA0BCB25A6E71300587187 /* MTChartPieView.h */,
				65FA0BCC25A6E71300587187 /* MTChartPieView.m */,
			);
			path = "图表Chart";
			sourceTree = "<group>";
		};
/* End PBXGroup section */

/* Begin PBXNativeTarget section */
		6565E599258897BE00B73C6E /* iOSDevLibrary */ = {
			isa = PBXNativeTarget;
			buildConfigurationList = 6565E5C9258897C300B73C6E /* Build configuration list for PBXNativeTarget "iOSDevLibrary" */;
			buildPhases = (
				6565E596258897BE00B73C6E /* Sources */,
				6565E597258897BE00B73C6E /* Frameworks */,
				6565E598258897BE00B73C6E /* Resources */,
			);
			buildRules = (
			);
			dependencies = (
			);
			name = iOSDevLibrary;
			productName = iOSDevLibrary;
			productReference = 6565E59A258897BE00B73C6E /* iOSDevLibrary.app */;
			productType = "com.apple.product-type.application";
		};
		6565E5B4258897C200B73C6E /* iOSDevLibraryTests */ = {
			isa = PBXNativeTarget;
			buildConfigurationList = 6565E5CC258897C300B73C6E /* Build configuration list for PBXNativeTarget "iOSDevLibraryTests" */;
			buildPhases = (
				6565E5B1258897C200B73C6E /* Sources */,
				6565E5B2258897C200B73C6E /* Frameworks */,
				6565E5B3258897C200B73C6E /* Resources */,
			);
			buildRules = (
			);
			dependencies = (
				6565E5B7258897C200B73C6E /* PBXTargetDependency */,
			);
			name = iOSDevLibraryTests;
			productName = iOSDevLibraryTests;
			productReference = 6565E5B5258897C200B73C6E /* iOSDevLibraryTests.xctest */;
			productType = "com.apple.product-type.bundle.unit-test";
		};
		6565E5BF258897C300B73C6E /* iOSDevLibraryUITests */ = {
			isa = PBXNativeTarget;
			buildConfigurationList = 6565E5CF258897C300B73C6E /* Build configuration list for PBXNativeTarget "iOSDevLibraryUITests" */;
			buildPhases = (
				6565E5BC258897C300B73C6E /* Sources */,
				6565E5BD258897C300B73C6E /* Frameworks */,
				6565E5BE258897C300B73C6E /* Resources */,
			);
			buildRules = (
			);
			dependencies = (
				6565E5C2258897C300B73C6E /* PBXTargetDependency */,
			);
			name = iOSDevLibraryUITests;
			productName = iOSDevLibraryUITests;
			productReference = 6565E5C0258897C300B73C6E /* iOSDevLibraryUITests.xctest */;
			productType = "com.apple.product-type.bundle.ui-testing";
		};
/* End PBXNativeTarget section */

/* Begin PBXProject section */
		6565E592258897BE00B73C6E /* Project object */ = {
			isa = PBXProject;
			attributes = {
				LastUpgradeCheck = 1210;
				TargetAttributes = {
					6565E599258897BE00B73C6E = {
						CreatedOnToolsVersion = 12.1;
						ProvisioningStyle = Automatic;
					};
					6565E5B4258897C200B73C6E = {
						CreatedOnToolsVersion = 12.1;
						ProvisioningStyle = Automatic;
						TestTargetID = 6565E599258897BE00B73C6E;
					};
					6565E5BF258897C300B73C6E = {
						CreatedOnToolsVersion = 12.1;
						ProvisioningStyle = Automatic;
						TestTargetID = 6565E599258897BE00B73C6E;
					};
				};
			};
			buildConfigurationList = 6565E595258897BE00B73C6E /* Build configuration list for PBXProject "iOSDevLibrary" */;
			compatibilityVersion = "Xcode 8.0";
			developmentRegion = en;
			hasScannedForEncodings = 0;
			knownRegions = (
				en,
				Base,
			);
			mainGroup = 6565E591258897BE00B73C6E;
			productRefGroup = 6565E59B258897BE00B73C6E /* Products */;
			projectDirPath = "";
			projectRoot = "";
			targets = (
				6565E599258897BE00B73C6E /* iOSDevLibrary */,
				6565E5B4258897C200B73C6E /* iOSDevLibraryTests */,
				6565E5BF258897C300B73C6E /* iOSDevLibraryUITests */,
			);
		};
/* End PBXProject section */

/* Begin PBXResourcesBuildPhase section */
		6565E598258897BE00B73C6E /* Resources */ = {
			isa = PBXResourcesBuildPhase;
			buildActionMask = 2147483647;
			files = (
				65FA0BC125A6E6D700587187 /* MTChartView.xib in Resources */,
				65FA0BD225A6E72A00587187 /* MTChartBarView.xib in Resources */,
				6565E5AD258897C200B73C6E /* LaunchScreen.storyboard in Resources */,
				6514643125943C4A00BFDA9A /* MTNotePopView.xib in Resources */,
				65C0DAB925A6F55D00FE6908 /* ScrollviewTestView.xib in Resources */,
				6565E60B25889DEF00B73C6E /* 1.jpg in Resources */,
				6565E5AA258897C200B73C6E /* Assets.xcassets in Resources */,
				6565E5A8258897BF00B73C6E /* Main.storyboard in Resources */,
			);
			runOnlyForDeploymentPostprocessing = 0;
		};
		6565E5B3258897C200B73C6E /* Resources */ = {
			isa = PBXResourcesBuildPhase;
			buildActionMask = 2147483647;
			files = (
			);
			runOnlyForDeploymentPostprocessing = 0;
		};
		6565E5BE258897C300B73C6E /* Resources */ = {
			isa = PBXResourcesBuildPhase;
			buildActionMask = 2147483647;
			files = (
			);
			runOnlyForDeploymentPostprocessing = 0;
		};
/* End PBXResourcesBuildPhase section */

/* Begin PBXSourcesBuildPhase section */
		6565E596258897BE00B73C6E /* Sources */ = {
			isa = PBXSourcesBuildPhase;
			buildActionMask = 2147483647;
			files = (
				6565E5FA2588988F00B73C6E /* UIColor+MTColor.m in Sources */,
				65A3FEFA2591EA3400CD877B /* MTNotePopView.m in Sources */,
				651960A22589A03800AB2E77 /* BaseViewController.m in Sources */,
				651ADCED25A6B89600469FBE /* NSObject+SwizzleMethod.m in Sources */,
				6565E6112588A30200B73C6E /* CheckBoxViewController.m in Sources */,
				6565E5D92588981000B73C6E /* UIView+HitArea.m in Sources */,
				6565E5E52588981E00B73C6E /* MTAttributeTapLabel.m in Sources */,
				6565E5A5258897BF00B73C6E /* ViewController.m in Sources */,
				6565E59F258897BF00B73C6E /* AppDelegate.m in Sources */,
				651960A82589A08100AB2E77 /* FuckViewController.m in Sources */,
				6565E5F12588982A00B73C6E /* UIButton+MTEnlargeTouchArea.m in Sources */,
				651ADCF325A6B8F700469FBE /* NSMutableArray+ErrorHandle.m in Sources */,
				6565E60025889BE300B73C6E /* UITableView+CellAnimation.m in Sources */,
				65FA0BC725A6E6FE00587187 /* MTChartBarView.m in Sources */,
				6514642C259436BE00BFDA9A /* MTPopAction.m in Sources */,
				6565E5DF2588981700B73C6E /* UIView+MTGradient.m in Sources */,
				6565E60625889D4D00B73C6E /* MTTableViewCell.m in Sources */,
				651ADCE725A6B83000469FBE /* NSArray+ErrorHandle.m in Sources */,
				6565E5B0258897C200B73C6E /* main.m in Sources */,
				6565E5EB2588982300B73C6E /* MTCheckBoxBtn.m in Sources */,
				6565E6172588A4A200B73C6E /* MTLoadingView.m in Sources */,
				6514643A2594413000BFDA9A /* UIView+CurrentVC.m in Sources */,
				65A3FEF12591EA1100CD877B /* MTBasePopView.m in Sources */,
				65FA0BB925A6E6B700587187 /* MTChartView.m in Sources */,
				6565E5A2258897BF00B73C6E /* SceneDelegate.m in Sources */,
				65FA0BCD25A6E71300587187 /* MTChartPieView.m in Sources */,
			);
			runOnlyForDeploymentPostprocessing = 0;
		};
		6565E5B1258897C200B73C6E /* Sources */ = {
			isa = PBXSourcesBuildPhase;
			buildActionMask = 2147483647;
			files = (
				6565E5BA258897C200B73C6E /* iOSDevLibraryTests.m in Sources */,
			);
			runOnlyForDeploymentPostprocessing = 0;
		};
		6565E5BC258897C300B73C6E /* Sources */ = {
			isa = PBXSourcesBuildPhase;
			buildActionMask = 2147483647;
			files = (
				6565E5C5258897C300B73C6E /* iOSDevLibraryUITests.m in Sources */,
			);
			runOnlyForDeploymentPostprocessing = 0;
		};
/* End PBXSourcesBuildPhase section */

/* Begin PBXTargetDependency section */
		6565E5B7258897C200B73C6E /* PBXTargetDependency */ = {
			isa = PBXTargetDependency;
			target = 6565E599258897BE00B73C6E /* iOSDevLibrary */;
			targetProxy = 6565E5B6258897C200B73C6E /* PBXContainerItemProxy */;
		};
		6565E5C2258897C300B73C6E /* PBXTargetDependency */ = {
			isa = PBXTargetDependency;
			target = 6565E599258897BE00B73C6E /* iOSDevLibrary */;
			targetProxy = 6565E5C1258897C300B73C6E /* PBXContainerItemProxy */;
		};
/* End PBXTargetDependency section */

/* Begin PBXVariantGroup section */
		6565E5A6258897BF00B73C6E /* Main.storyboard */ = {
			isa = PBXVariantGroup;
			children = (
				6565E5A7258897BF00B73C6E /* Base */,
			);
			name = Main.storyboard;
			sourceTree = "<group>";
		};
		6565E5AB258897C200B73C6E /* LaunchScreen.storyboard */ = {
			isa = PBXVariantGroup;
			children = (
				6565E5AC258897C200B73C6E /* Base */,
			);
			name = LaunchScreen.storyboard;
			sourceTree = "<group>";
		};
/* End PBXVariantGroup section */

/* Begin XCBuildConfiguration section */
		6565E5C7258897C300B73C6E /* Debug */ = {
			isa = XCBuildConfiguration;
			buildSettings = {
				ALWAYS_SEARCH_USER_PATHS = NO;
				CLANG_ANALYZER_NONNULL = YES;
				CLANG_ANALYZER_NUMBER_OBJECT_CONVERSION = YES_AGGRESSIVE;
				CLANG_CXX_LANGUAGE_STANDARD = "gnu++14";
				CLANG_CXX_LIBRARY = "libc++";
				CLANG_ENABLE_MODULES = YES;
				CLANG_ENABLE_OBJC_ARC = YES;
				CLANG_ENABLE_OBJC_WEAK = YES;
				CLANG_WARN_BLOCK_CAPTURE_AUTORELEASING = YES;
				CLANG_WARN_BOOL_CONVERSION = YES;
				CLANG_WARN_COMMA = YES;
				CLANG_WARN_CONSTANT_CONVERSION = YES;
				CLANG_WARN_DEPRECATED_OBJC_IMPLEMENTATIONS = YES;
				CLANG_WARN_DIRECT_OBJC_ISA_USAGE = YES_ERROR;
				CLANG_WARN_DOCUMENTATION_COMMENTS = YES;
				CLANG_WARN_EMPTY_BODY = YES;
				CLANG_WARN_ENUM_CONVERSION = YES;
				CLANG_WARN_INFINITE_RECURSION = YES;
				CLANG_WARN_INT_CONVERSION = YES;
				CLANG_WARN_NON_LITERAL_NULL_CONVERSION = YES;
				CLANG_WARN_OBJC_IMPLICIT_RETAIN_SELF = YES;
				CLANG_WARN_OBJC_LITERAL_CONVERSION = YES;
				CLANG_WARN_OBJC_ROOT_CLASS = YES_ERROR;
				CLANG_WARN_QUOTED_INCLUDE_IN_FRAMEWORK_HEADER = YES;
				CLANG_WARN_RANGE_LOOP_ANALYSIS = YES;
				CLANG_WARN_STRICT_PROTOTYPES = YES;
				CLANG_WARN_SUSPICIOUS_MOVE = YES;
				CLANG_WARN_UNGUARDED_AVAILABILITY = YES_AGGRESSIVE;
				CLANG_WARN_UNREACHABLE_CODE = YES;
				CLANG_WARN__DUPLICATE_METHOD_MATCH = YES;
				COPY_PHASE_STRIP = NO;
				DEBUG_INFORMATION_FORMAT = dwarf;
				ENABLE_STRICT_OBJC_MSGSEND = YES;
				ENABLE_TESTABILITY = YES;
				GCC_C_LANGUAGE_STANDARD = gnu11;
				GCC_DYNAMIC_NO_PIC = NO;
				GCC_NO_COMMON_BLOCKS = YES;
				GCC_OPTIMIZATION_LEVEL = 0;
				GCC_PREPROCESSOR_DEFINITIONS = (
					"DEBUG=1",
					"$(inherited)",
				);
				GCC_WARN_64_TO_32_BIT_CONVERSION = YES;
				GCC_WARN_ABOUT_RETURN_TYPE = YES_ERROR;
				GCC_WARN_UNDECLARED_SELECTOR = YES;
				GCC_WARN_UNINITIALIZED_AUTOS = YES_AGGRESSIVE;
				GCC_WARN_UNUSED_FUNCTION = YES;
				GCC_WARN_UNUSED_VARIABLE = YES;
				IPHONEOS_DEPLOYMENT_TARGET = 9.0;
				MTL_ENABLE_DEBUG_INFO = INCLUDE_SOURCE;
				MTL_FAST_MATH = YES;
				ONLY_ACTIVE_ARCH = YES;
				SDKROOT = iphoneos;
			};
			name = Debug;
		};
		6565E5C8258897C300B73C6E /* Release */ = {
			isa = XCBuildConfiguration;
			buildSettings = {
				ALWAYS_SEARCH_USER_PATHS = NO;
				CLANG_ANALYZER_NONNULL = YES;
				CLANG_ANALYZER_NUMBER_OBJECT_CONVERSION = YES_AGGRESSIVE;
				CLANG_CXX_LANGUAGE_STANDARD = "gnu++14";
				CLANG_CXX_LIBRARY = "libc++";
				CLANG_ENABLE_MODULES = YES;
				CLANG_ENABLE_OBJC_ARC = YES;
				CLANG_ENABLE_OBJC_WEAK = YES;
				CLANG_WARN_BLOCK_CAPTURE_AUTORELEASING = YES;
				CLANG_WARN_BOOL_CONVERSION = YES;
				CLANG_WARN_COMMA = YES;
				CLANG_WARN_CONSTANT_CONVERSION = YES;
				CLANG_WARN_DEPRECATED_OBJC_IMPLEMENTATIONS = YES;
				CLANG_WARN_DIRECT_OBJC_ISA_USAGE = YES_ERROR;
				CLANG_WARN_DOCUMENTATION_COMMENTS = YES;
				CLANG_WARN_EMPTY_BODY = YES;
				CLANG_WARN_ENUM_CONVERSION = YES;
				CLANG_WARN_INFINITE_RECURSION = YES;
				CLANG_WARN_INT_CONVERSION = YES;
				CLANG_WARN_NON_LITERAL_NULL_CONVERSION = YES;
				CLANG_WARN_OBJC_IMPLICIT_RETAIN_SELF = YES;
				CLANG_WARN_OBJC_LITERAL_CONVERSION = YES;
				CLANG_WARN_OBJC_ROOT_CLASS = YES_ERROR;
				CLANG_WARN_QUOTED_INCLUDE_IN_FRAMEWORK_HEADER = YES;
				CLANG_WARN_RANGE_LOOP_ANALYSIS = YES;
				CLANG_WARN_STRICT_PROTOTYPES = YES;
				CLANG_WARN_SUSPICIOUS_MOVE = YES;
				CLANG_WARN_UNGUARDED_AVAILABILITY = YES_AGGRESSIVE;
				CLANG_WARN_UNREACHABLE_CODE = YES;
				CLANG_WARN__DUPLICATE_METHOD_MATCH = YES;
				COPY_PHASE_STRIP = NO;
				DEBUG_INFORMATION_FORMAT = "dwarf-with-dsym";
				ENABLE_NS_ASSERTIONS = NO;
				ENABLE_STRICT_OBJC_MSGSEND = YES;
				GCC_C_LANGUAGE_STANDARD = gnu11;
				GCC_NO_COMMON_BLOCKS = YES;
				GCC_WARN_64_TO_32_BIT_CONVERSION = YES;
				GCC_WARN_ABOUT_RETURN_TYPE = YES_ERROR;
				GCC_WARN_UNDECLARED_SELECTOR = YES;
				GCC_WARN_UNINITIALIZED_AUTOS = YES_AGGRESSIVE;
				GCC_WARN_UNUSED_FUNCTION = YES;
				GCC_WARN_UNUSED_VARIABLE = YES;
				IPHONEOS_DEPLOYMENT_TARGET = 9.0;
				MTL_ENABLE_DEBUG_INFO = NO;
				MTL_FAST_MATH = YES;
				SDKROOT = iphoneos;
				VALIDATE_PRODUCT = YES;
			};
			name = Release;
		};
		6565E5CA258897C300B73C6E /* Debug */ = {
			isa = XCBuildConfiguration;
			buildSettings = {
				ASSETCATALOG_COMPILER_APPICON_NAME = AppIcon;
				ASSETCATALOG_COMPILER_GLOBAL_ACCENT_COLOR_NAME = AccentColor;
				CODE_SIGN_STYLE = Automatic;
				DEVELOPMENT_TEAM = C2989MFX2P;
				INFOPLIST_FILE = iOSDevLibrary/Info.plist;
				LD_RUNPATH_SEARCH_PATHS = "$(inherited) @executable_path/Frameworks";
				PRODUCT_BUNDLE_IDENTIFIER = com.china.mt.iOSDevLibrary;
				PRODUCT_NAME = "$(TARGET_NAME)";
				TARGETED_DEVICE_FAMILY = "1,2";
			};
			name = Debug;
		};
		6565E5CB258897C300B73C6E /* Release */ = {
			isa = XCBuildConfiguration;
			buildSettings = {
				ASSETCATALOG_COMPILER_APPICON_NAME = AppIcon;
				ASSETCATALOG_COMPILER_GLOBAL_ACCENT_COLOR_NAME = AccentColor;
				CODE_SIGN_STYLE = Automatic;
				DEVELOPMENT_TEAM = C2989MFX2P;
				INFOPLIST_FILE = iOSDevLibrary/Info.plist;
				LD_RUNPATH_SEARCH_PATHS = "$(inherited) @executable_path/Frameworks";
				PRODUCT_BUNDLE_IDENTIFIER = com.china.mt.iOSDevLibrary;
				PRODUCT_NAME = "$(TARGET_NAME)";
				TARGETED_DEVICE_FAMILY = "1,2";
			};
			name = Release;
		};
		6565E5CD258897C300B73C6E /* Debug */ = {
			isa = XCBuildConfiguration;
			buildSettings = {
				BUNDLE_LOADER = "$(TEST_HOST)";
				CODE_SIGN_STYLE = Automatic;
				DEVELOPMENT_TEAM = C2989MFX2P;
				INFOPLIST_FILE = iOSDevLibraryTests/Info.plist;
				IPHONEOS_DEPLOYMENT_TARGET = 14.1;
				LD_RUNPATH_SEARCH_PATHS = "$(inherited) @executable_path/Frameworks @loader_path/Frameworks";
				PRODUCT_BUNDLE_IDENTIFIER = com.china.mt.iOSDevLibraryTests;
				PRODUCT_NAME = "$(TARGET_NAME)";
				TARGETED_DEVICE_FAMILY = "1,2";
				TEST_HOST = "$(BUILT_PRODUCTS_DIR)/iOSDevLibrary.app/iOSDevLibrary";
			};
			name = Debug;
		};
		6565E5CE258897C300B73C6E /* Release */ = {
			isa = XCBuildConfiguration;
			buildSettings = {
				BUNDLE_LOADER = "$(TEST_HOST)";
				CODE_SIGN_STYLE = Automatic;
				DEVELOPMENT_TEAM = C2989MFX2P;
				INFOPLIST_FILE = iOSDevLibraryTests/Info.plist;
				IPHONEOS_DEPLOYMENT_TARGET = 14.1;
				LD_RUNPATH_SEARCH_PATHS = "$(inherited) @executable_path/Frameworks @loader_path/Frameworks";
				PRODUCT_BUNDLE_IDENTIFIER = com.china.mt.iOSDevLibraryTests;
				PRODUCT_NAME = "$(TARGET_NAME)";
				TARGETED_DEVICE_FAMILY = "1,2";
				TEST_HOST = "$(BUILT_PRODUCTS_DIR)/iOSDevLibrary.app/iOSDevLibrary";
			};
			name = Release;
		};
		6565E5D0258897C300B73C6E /* Debug */ = {
			isa = XCBuildConfiguration;
			buildSettings = {
				CODE_SIGN_STYLE = Automatic;
				DEVELOPMENT_TEAM = C2989MFX2P;
				INFOPLIST_FILE = iOSDevLibraryUITests/Info.plist;
				LD_RUNPATH_SEARCH_PATHS = "$(inherited) @executable_path/Frameworks @loader_path/Frameworks";
				PRODUCT_BUNDLE_IDENTIFIER = com.china.mt.iOSDevLibraryUITests;
				PRODUCT_NAME = "$(TARGET_NAME)";
				TARGETED_DEVICE_FAMILY = "1,2";
				TEST_TARGET_NAME = iOSDevLibrary;
			};
			name = Debug;
		};
		6565E5D1258897C300B73C6E /* Release */ = {
			isa = XCBuildConfiguration;
			buildSettings = {
				CODE_SIGN_STYLE = Automatic;
				DEVELOPMENT_TEAM = C2989MFX2P;
				INFOPLIST_FILE = iOSDevLibraryUITests/Info.plist;
				LD_RUNPATH_SEARCH_PATHS = "$(inherited) @executable_path/Frameworks @loader_path/Frameworks";
				PRODUCT_BUNDLE_IDENTIFIER = com.china.mt.iOSDevLibraryUITests;
				PRODUCT_NAME = "$(TARGET_NAME)";
				TARGETED_DEVICE_FAMILY = "1,2";
				TEST_TARGET_NAME = iOSDevLibrary;
			};
			name = Release;
		};
/* End XCBuildConfiguration section */

/* Begin XCConfigurationList section */
		6565E595258897BE00B73C6E /* Build configuration list for PBXProject "iOSDevLibrary" */ = {
			isa = XCConfigurationList;
			buildConfigurations = (
				6565E5C7258897C300B73C6E /* Debug */,
				6565E5C8258897C300B73C6E /* Release */,
			);
			defaultConfigurationIsVisible = 0;
			defaultConfigurationName = Release;
		};
		6565E5C9258897C300B73C6E /* Build configuration list for PBXNativeTarget "iOSDevLibrary" */ = {
			isa = XCConfigurationList;
			buildConfigurations = (
				6565E5CA258897C300B73C6E /* Debug */,
				6565E5CB258897C300B73C6E /* Release */,
			);
			defaultConfigurationIsVisible = 0;
			defaultConfigurationName = Release;
		};
		6565E5CC258897C300B73C6E /* Build configuration list for PBXNativeTarget "iOSDevLibraryTests" */ = {
			isa = XCConfigurationList;
			buildConfigurations = (
				6565E5CD258897C300B73C6E /* Debug */,
				6565E5CE258897C300B73C6E /* Release */,
			);
			defaultConfigurationIsVisible = 0;
			defaultConfigurationName = Release;
		};
		6565E5CF258897C300B73C6E /* Build configuration list for PBXNativeTarget "iOSDevLibraryUITests" */ = {
			isa = XCConfigurationList;
			buildConfigurations = (
				6565E5D0258897C300B73C6E /* Debug */,
				6565E5D1258897C300B73C6E /* Release */,
			);
			defaultConfigurationIsVisible = 0;
			defaultConfigurationName = Release;
		};
/* End XCConfigurationList section */
	};
	rootObject = 6565E592258897BE00B73C6E /* Project object */;
}
